{
  "name": "npm",
  "version": "1.0.0",
  "lockfileVersion": 2,
  "requires": true,
  "packages": {
    "": {
      "name": "npm",
      "version": "1.0.0",
      "license": "MIT",
      "dependencies": {
        "@husnain.taj/konsolejs": "^0.0.6"
      }
    },
    "node_modules/@husnain.taj/konsolejs": {
      "version": "0.0.6",
      "resolved": "https://registry.npmjs.org/@husnain.taj/konsolejs/-/konsolejs-0.0.6.tgz",
      "integrity": "sha512-494FmV3Hq3DcxS/YpCm9XDuv6nU+RU48TzDWcdFLWRHRSNhjVgDT3NOzef7+PSe7gdvINs0Nr3MT2twKyXJtSQ=="
    }
  },
  "dependencies": {
    "@husnain.taj/konsolejs": {
      "version": "0.0.6",
      "resolved": "https://registry.npmjs.org/@husnain.taj/konsolejs/-/konsolejs-0.0.6.tgz",
      "integrity": "sha512-494FmV3Hq3DcxS/YpCm9XDuv6nU+RU48TzDWcdFLWRHRSNhjVgDT3NOzef7+PSe7gdvINs0Nr3MT2twKyXJtSQ=="
    }
  }
}
